// !$*UTF8*$!
{
	archiveVersion = 1;
	classes = {
	};
	objectVersion = 50;
	objects = {

/* Begin PBXBuildFile section */
		7B0C7C78251ECCDE0058A5FA /* AppDelegate.m in Sources */ = {isa = PBXBuildFile; fileRef = 7B0C7C77251ECCDE0058A5FA /* AppDelegate.m */; };
		7B0C7C7B251ECCDE0058A5FA /* SceneDelegate.m in Sources */ = {isa = PBXBuildFile; fileRef = 7B0C7C7A251ECCDE0058A5FA /* SceneDelegate.m */; };
		7B0C7C81251ECCDE0058A5FA /* Main.storyboard in Resources */ = {isa = PBXBuildFile; fileRef = 7B0C7C7F251ECCDE0058A5FA /* Main.storyboard */; };
		7B0C7C83251ECCDF0058A5FA /* Assets.xcassets in Resources */ = {isa = PBXBuildFile; fileRef = 7B0C7C82251ECCDF0058A5FA /* Assets.xcassets */; };
		7B0C7C86251ECCDF0058A5FA /* LaunchScreen.storyboard in Resources */ = {isa = PBXBuildFile; fileRef = 7B0C7C84251ECCDF0058A5FA /* LaunchScreen.storyboard */; };
		7B0C7C89251ECCDF0058A5FA /* main.m in Sources */ = {isa = PBXBuildFile; fileRef = 7B0C7C88251ECCDF0058A5FA /* main.m */; };
		7B0C7C97251ED0990058A5FA /* FavoriteArtistsTableViewController.m in Sources */ = {isa = PBXBuildFile; fileRef = 7B0C7C96251ED0990058A5FA /* FavoriteArtistsTableViewController.m */; };
		7B0C7C9A251ED0AA0058A5FA /* AddArtistViewController.m in Sources */ = {isa = PBXBuildFile; fileRef = 7B0C7C99251ED0AA0058A5FA /* AddArtistViewController.m */; };
		7B0C7C9E251ED1130058A5FA /* LSIArtist.m in Sources */ = {isa = PBXBuildFile; fileRef = 7B0C7C9D251ED1130058A5FA /* LSIArtist.m */; };
		7B0C7CA2251EDC6F0058A5FA /* LSIArtistController.m in Sources */ = {isa = PBXBuildFile; fileRef = 7B0C7CA1251EDC6F0058A5FA /* LSIArtistController.m */; };
/* End PBXBuildFile section */

/* Begin PBXFileReference section */
		7B0C7C73251ECCDE0058A5FA /* Favorite Artists.app */ = {isa = PBXFileReference; explicitFileType = wrapper.application; includeInIndex = 0; path = "Favorite Artists.app"; sourceTree = BUILT_PRODUCTS_DIR; };
		7B0C7C76251ECCDE0058A5FA /* AppDelegate.h */ = {isa = PBXFileReference; lastKnownFileType = sourcecode.c.h; path = AppDelegate.h; sourceTree = "<group>"; };
		7B0C7C77251ECCDE0058A5FA /* AppDelegate.m */ = {isa = PBXFileReference; lastKnownFileType = sourcecode.c.objc; path = AppDelegate.m; sourceTree = "<group>"; };
		7B0C7C79251ECCDE0058A5FA /* SceneDelegate.h */ = {isa = PBXFileReference; lastKnownFileType = sourcecode.c.h; path = SceneDelegate.h; sourceTree = "<group>"; };
		7B0C7C7A251ECCDE0058A5FA /* SceneDelegate.m */ = {isa = PBXFileReference; lastKnownFileType = sourcecode.c.objc; path = SceneDelegate.m; sourceTree = "<group>"; };
		7B0C7C80251ECCDE0058A5FA /* Base */ = {isa = PBXFileReference; lastKnownFileType = file.storyboard; name = Base; path = Base.lproj/Main.storyboard; sourceTree = "<group>"; };
		7B0C7C82251ECCDF0058A5FA /* Assets.xcassets */ = {isa = PBXFileReference; lastKnownFileType = folder.assetcatalog; path = Assets.xcassets; sourceTree = "<group>"; };
		7B0C7C85251ECCDF0058A5FA /* Base */ = {isa = PBXFileReference; lastKnownFileType = file.storyboard; name = Base; path = Base.lproj/LaunchScreen.storyboard; sourceTree = "<group>"; };
		7B0C7C87251ECCDF0058A5FA /* Info.plist */ = {isa = PBXFileReference; lastKnownFileType = text.plist.xml; path = Info.plist; sourceTree = "<group>"; };
		7B0C7C88251ECCDF0058A5FA /* main.m */ = {isa = PBXFileReference; lastKnownFileType = sourcecode.c.objc; path = main.m; sourceTree = "<group>"; };
		7B0C7C95251ED0990058A5FA /* FavoriteArtistsTableViewController.h */ = {isa = PBXFileReference; lastKnownFileType = sourcecode.c.h; path = FavoriteArtistsTableViewController.h; sourceTree = "<group>"; };
		7B0C7C96251ED0990058A5FA /* FavoriteArtistsTableViewController.m */ = {isa = PBXFileReference; lastKnownFileType = sourcecode.c.objc; path = FavoriteArtistsTableViewController.m; sourceTree = "<group>"; };
		7B0C7C98251ED0AA0058A5FA /* AddArtistViewController.h */ = {isa = PBXFileReference; lastKnownFileType = sourcecode.c.h; path = AddArtistViewController.h; sourceTree = "<group>"; };
		7B0C7C99251ED0AA0058A5FA /* AddArtistViewController.m */ = {isa = PBXFileReference; lastKnownFileType = sourcecode.c.objc; path = AddArtistViewController.m; sourceTree = "<group>"; };
		7B0C7C9C251ED1130058A5FA /* LSIArtist.h */ = {isa = PBXFileReference; lastKnownFileType = sourcecode.c.h; path = LSIArtist.h; sourceTree = "<group>"; };
		7B0C7C9D251ED1130058A5FA /* LSIArtist.m */ = {isa = PBXFileReference; lastKnownFileType = sourcecode.c.objc; path = LSIArtist.m; sourceTree = "<group>"; };
		7B0C7CA0251EDC6F0058A5FA /* LSIArtistController.h */ = {isa = PBXFileReference; lastKnownFileType = sourcecode.c.h; path = LSIArtistController.h; sourceTree = "<group>"; };
		7B0C7CA1251EDC6F0058A5FA /* LSIArtistController.m */ = {isa = PBXFileReference; lastKnownFileType = sourcecode.c.objc; path = LSIArtistController.m; sourceTree = "<group>"; };
/* End PBXFileReference section */

/* Begin PBXFrameworksBuildPhase section */
		7B0C7C70251ECCDE0058A5FA /* Frameworks */ = {
			isa = PBXFrameworksBuildPhase;
			buildActionMask = 2147483647;
			files = (
			);
			runOnlyForDeploymentPostprocessing = 0;
		};
/* End PBXFrameworksBuildPhase section */

/* Begin PBXGroup section */
		7B0C7C6A251ECCDE0058A5FA = {
			isa = PBXGroup;
			children = (
				7B0C7C74251ECCDE0058A5FA /* Products */,
				7B0C7C75251ECCDE0058A5FA /* Favorite Artists */,
			);
			sourceTree = "<group>";
		};
		7B0C7C74251ECCDE0058A5FA /* Products */ = {
			isa = PBXGroup;
			children = (
				7B0C7C73251ECCDE0058A5FA /* Favorite Artists.app */,
			);
			name = Products;
			sourceTree = "<group>";
		};
		7B0C7C75251ECCDE0058A5FA /* Favorite Artists */ = {
			isa = PBXGroup;
			children = (
				7B0C7C8F251ECCEA0058A5FA /* Other */,
				7B0C7C9B251ED0F40058A5FA /* Models */,
				7B0C7C9F251EDC4E0058A5FA /* Model Controller */,
				7B0C7C90251ECCFB0058A5FA /* View Controllers */,
				7B0C7C91251ECD190058A5FA /* Storyboards */,
				7B0C7C88251ECCDF0058A5FA /* main.m */,
				7B0C7C87251ECCDF0058A5FA /* Info.plist */,
			);
			path = "Favorite Artists";
			sourceTree = "<group>";
		};
		7B0C7C8F251ECCEA0058A5FA /* Other */ = {
			isa = PBXGroup;
			children = (
				7B0C7C76251ECCDE0058A5FA /* AppDelegate.h */,
				7B0C7C77251ECCDE0058A5FA /* AppDelegate.m */,
				7B0C7C79251ECCDE0058A5FA /* SceneDelegate.h */,
				7B0C7C7A251ECCDE0058A5FA /* SceneDelegate.m */,
				7B0C7C82251ECCDF0058A5FA /* Assets.xcassets */,
			);
			name = Other;
			sourceTree = "<group>";
		};
		7B0C7C90251ECCFB0058A5FA /* View Controllers */ = {
			isa = PBXGroup;
			children = (
				7B0C7C92251ED0190058A5FA /* FavoriteArtistsTableVC */,
				7B0C7C94251ED04F0058A5FA /* AddArtistVC */,
			);
			path = "View Controllers";
			sourceTree = "<group>";
		};
		7B0C7C91251ECD190058A5FA /* Storyboards */ = {
			isa = PBXGroup;
			children = (
				7B0C7C7F251ECCDE0058A5FA /* Main.storyboard */,
				7B0C7C84251ECCDF0058A5FA /* LaunchScreen.storyboard */,
			);
			name = Storyboards;
			sourceTree = "<group>";
		};
		7B0C7C92251ED0190058A5FA /* FavoriteArtistsTableVC */ = {
			isa = PBXGroup;
			children = (
				7B0C7C95251ED0990058A5FA /* FavoriteArtistsTableViewController.h */,
				7B0C7C96251ED0990058A5FA /* FavoriteArtistsTableViewController.m */,
			);
			name = FavoriteArtistsTableVC;
			sourceTree = "<group>";
		};
		7B0C7C94251ED04F0058A5FA /* AddArtistVC */ = {
			isa = PBXGroup;
			children = (
				7B0C7C98251ED0AA0058A5FA /* AddArtistViewController.h */,
				7B0C7C99251ED0AA0058A5FA /* AddArtistViewController.m */,
			);
			name = AddArtistVC;
			sourceTree = "<group>";
		};
		7B0C7C9B251ED0F40058A5FA /* Models */ = {
			isa = PBXGroup;
			children = (
				7B0C7C9C251ED1130058A5FA /* LSIArtist.h */,
				7B0C7C9D251ED1130058A5FA /* LSIArtist.m */,
			);
			name = Models;
			sourceTree = "<group>";
		};
		7B0C7C9F251EDC4E0058A5FA /* Model Controller */ = {
			isa = PBXGroup;
			children = (
				7B0C7CA0251EDC6F0058A5FA /* LSIArtistController.h */,
				7B0C7CA1251EDC6F0058A5FA /* LSIArtistController.m */,
			);
			name = "Model Controller";
			sourceTree = "<group>";
		};
/* End PBXGroup section */

/* Begin PBXNativeTarget section */
		7B0C7C72251ECCDE0058A5FA /* Favorite Artists */ = {
			isa = PBXNativeTarget;
			buildConfigurationList = 7B0C7C8C251ECCDF0058A5FA /* Build configuration list for PBXNativeTarget "Favorite Artists" */;
			buildPhases = (
				7B0C7C6F251ECCDE0058A5FA /* Sources */,
				7B0C7C70251ECCDE0058A5FA /* Frameworks */,
				7B0C7C71251ECCDE0058A5FA /* Resources */,
			);
			buildRules = (
			);
			dependencies = (
			);
			name = "Favorite Artists";
			productName = "Favorite Artists";
			productReference = 7B0C7C73251ECCDE0058A5FA /* Favorite Artists.app */;
			productType = "com.apple.product-type.application";
		};
/* End PBXNativeTarget section */

/* Begin PBXProject section */
		7B0C7C6B251ECCDE0058A5FA /* Project object */ = {
			isa = PBXProject;
			attributes = {
				LastUpgradeCheck = 1200;
				TargetAttributes = {
					7B0C7C72251ECCDE0058A5FA = {
						CreatedOnToolsVersion = 12.0;
					};
				};
			};
			buildConfigurationList = 7B0C7C6E251ECCDE0058A5FA /* Build configuration list for PBXProject "Favorite Artists" */;
			compatibilityVersion = "Xcode 9.3";
			developmentRegion = en;
			hasScannedForEncodings = 0;
			knownRegions = (
				en,
				Base,
			);
			mainGroup = 7B0C7C6A251ECCDE0058A5FA;
			productRefGroup = 7B0C7C74251ECCDE0058A5FA /* Products */;
			projectDirPath = "";
			projectRoot = "";
			targets = (
				7B0C7C72251ECCDE0058A5FA /* Favorite Artists */,
			);
		};
/* End PBXProject section */

/* Begin PBXResourcesBuildPhase section */
		7B0C7C71251ECCDE0058A5FA /* Resources */ = {
			isa = PBXResourcesBuildPhase;
			buildActionMask = 2147483647;
			files = (
				7B0C7C86251ECCDF0058A5FA /* LaunchScreen.storyboard in Resources */,
				7B0C7C83251ECCDF0058A5FA /* Assets.xcassets in Resources */,
				7B0C7C81251ECCDE0058A5FA /* Main.storyboard in Resources */,
			);
			runOnlyForDeploymentPostprocessing = 0;
		};
/* End PBXResourcesBuildPhase section */

/* Begin PBXSourcesBuildPhase section */
		7B0C7C6F251ECCDE0058A5FA /* Sources */ = {
			isa = PBXSourcesBuildPhase;
			buildActionMask = 2147483647;
			files = (
				7B0C7CA2251EDC6F0058A5FA /* LSIArtistController.m in Sources */,
				7B0C7C97251ED0990058A5FA /* FavoriteArtistsTableViewController.m in Sources */,
				7B0C7C78251ECCDE0058A5FA /* AppDelegate.m in Sources */,
				7B0C7C9A251ED0AA0058A5FA /* AddArtistViewController.m in Sources */,
				7B0C7C9E251ED1130058A5FA /* LSIArtist.m in Sources */,
				7B0C7C89251ECCDF0058A5FA /* main.m in Sources */,
				7B0C7C7B251ECCDE0058A5FA /* SceneDelegate.m in Sources */,
			);
			runOnlyForDeploymentPostprocessing = 0;
		};
/* End PBXSourcesBuildPhase section */

/* Begin PBXVariantGroup section */
		7B0C7C7F251ECCDE0058A5FA /* Main.storyboard */ = {
			isa = PBXVariantGroup;
			children = (
				7B0C7C80251ECCDE0058A5FA /* Base */,
			);
			name = Main.storyboard;
			sourceTree = "<group>";
		};
		7B0C7C84251ECCDF0058A5FA /* LaunchScreen.storyboard */ = {
			isa = PBXVariantGroup;
			children = (
				7B0C7C85251ECCDF0058A5FA /* Base */,
			);
			name = LaunchScreen.storyboard;
			sourceTree = "<group>";
		};
/* End PBXVariantGroup section */

/* Begin XCBuildConfiguration section */
		7B0C7C8A251ECCDF0058A5FA /* Debug */ = {
			isa = XCBuildConfiguration;
			buildSettings = {
				ALWAYS_SEARCH_USER_PATHS = NO;
				CLANG_ANALYZER_NONNULL = YES;
				CLANG_ANALYZER_NUMBER_OBJECT_CONVERSION = YES_AGGRESSIVE;
				CLANG_CXX_LANGUAGE_STANDARD = "gnu++14";
				CLANG_CXX_LIBRARY = "libc++";
				CLANG_ENABLE_MODULES = YES;
				CLANG_ENABLE_OBJC_ARC = YES;
				CLANG_ENABLE_OBJC_WEAK = YES;
				CLANG_WARN_BLOCK_CAPTURE_AUTORELEASING = YES;
				CLANG_WARN_BOOL_CONVERSION = YES;
				CLANG_WARN_COMMA = YES;
				CLANG_WARN_CONSTANT_CONVERSION = YES;
				CLANG_WARN_DEPRECATED_OBJC_IMPLEMENTATIONS = YES;
				CLANG_WARN_DIRECT_OBJC_ISA_USAGE = YES_ERROR;
				CLANG_WARN_DOCUMENTATION_COMMENTS = YES;
				CLANG_WARN_EMPTY_BODY = YES;
				CLANG_WARN_ENUM_CONVERSION = YES;
				CLANG_WARN_INFINITE_RECURSION = YES;
				CLANG_WARN_INT_CONVERSION = YES;
				CLANG_WARN_NON_LITERAL_NULL_CONVERSION = YES;
				CLANG_WARN_OBJC_IMPLICIT_RETAIN_SELF = YES;
				CLANG_WARN_OBJC_LITERAL_CONVERSION = YES;
				CLANG_WARN_OBJC_ROOT_CLASS = YES_ERROR;
				CLANG_WARN_QUOTED_INCLUDE_IN_FRAMEWORK_HEADER = YES;
				CLANG_WARN_RANGE_LOOP_ANALYSIS = YES;
				CLANG_WARN_STRICT_PROTOTYPES = YES;
				CLANG_WARN_SUSPICIOUS_MOVE = YES;
				CLANG_WARN_UNGUARDED_AVAILABILITY = YES_AGGRESSIVE;
				CLANG_WARN_UNREACHABLE_CODE = YES;
				CLANG_WARN__DUPLICATE_METHOD_MATCH = YES;
				COPY_PHASE_STRIP = NO;
				DEBUG_INFORMATION_FORMAT = dwarf;
				ENABLE_STRICT_OBJC_MSGSEND = YES;
				ENABLE_TESTABILITY = YES;
				GCC_C_LANGUAGE_STANDARD = gnu11;
				GCC_DYNAMIC_NO_PIC = NO;
				GCC_NO_COMMON_BLOCKS = YES;
				GCC_OPTIMIZATION_LEVEL = 0;
				GCC_PREPROCESSOR_DEFINITIONS = (
					"DEBUG=1",
					"$(inherited)",
				);
				GCC_WARN_64_TO_32_BIT_CONVERSION = YES;
				GCC_WARN_ABOUT_RETURN_TYPE = YES_ERROR;
				GCC_WARN_UNDECLARED_SELECTOR = YES;
				GCC_WARN_UNINITIALIZED_AUTOS = YES_AGGRESSIVE;
				GCC_WARN_UNUSED_FUNCTION = YES;
				GCC_WARN_UNUSED_VARIABLE = YES;
				IPHONEOS_DEPLOYMENT_TARGET = 14.0;
				MTL_ENABLE_DEBUG_INFO = INCLUDE_SOURCE;
				MTL_FAST_MATH = YES;
				ONLY_ACTIVE_ARCH = YES;
				SDKROOT = iphoneos;
			};
			name = Debug;
		};
		7B0C7C8B251ECCDF0058A5FA /* Release */ = {
			isa = XCBuildConfiguration;
			buildSettings = {
				ALWAYS_SEARCH_USER_PATHS = NO;
				CLANG_ANALYZER_NONNULL = YES;
				CLANG_ANALYZER_NUMBER_OBJECT_CONVERSION = YES_AGGRESSIVE;
				CLANG_CXX_LANGUAGE_STANDARD = "gnu++14";
				CLANG_CXX_LIBRARY = "libc++";
				CLANG_ENABLE_MODULES = YES;
				CLANG_ENABLE_OBJC_ARC = YES;
				CLANG_ENABLE_OBJC_WEAK = YES;
				CLANG_WARN_BLOCK_CAPTURE_AUTORELEASING = YES;
				CLANG_WARN_BOOL_CONVERSION = YES;
				CLANG_WARN_COMMA = YES;
				CLANG_WARN_CONSTANT_CONVERSION = YES;
				CLANG_WARN_DEPRECATED_OBJC_IMPLEMENTATIONS = YES;
				CLANG_WARN_DIRECT_OBJC_ISA_USAGE = YES_ERROR;
				CLANG_WARN_DOCUMENTATION_COMMENTS = YES;
				CLANG_WARN_EMPTY_BODY = YES;
				CLANG_WARN_ENUM_CONVERSION = YES;
				CLANG_WARN_INFINITE_RECURSION = YES;
				CLANG_WARN_INT_CONVERSION = YES;
				CLANG_WARN_NON_LITERAL_NULL_CONVERSION = YES;
				CLANG_WARN_OBJC_IMPLICIT_RETAIN_SELF = YES;
				CLANG_WARN_OBJC_LITERAL_CONVERSION = YES;
				CLANG_WARN_OBJC_ROOT_CLASS = YES_ERROR;
				CLANG_WARN_QUOTED_INCLUDE_IN_FRAMEWORK_HEADER = YES;
				CLANG_WARN_RANGE_LOOP_ANALYSIS = YES;
				CLANG_WARN_STRICT_PROTOTYPES = YES;
				CLANG_WARN_SUSPICIOUS_MOVE = YES;
				CLANG_WARN_UNGUARDED_AVAILABILITY = YES_AGGRESSIVE;
				CLANG_WARN_UNREACHABLE_CODE = YES;
				CLANG_WARN__DUPLICATE_METHOD_MATCH = YES;
				COPY_PHASE_STRIP = NO;
				DEBUG_INFORMATION_FORMAT = "dwarf-with-dsym";
				ENABLE_NS_ASSERTIONS = NO;
				ENABLE_STRICT_OBJC_MSGSEND = YES;
				GCC_C_LANGUAGE_STANDARD = gnu11;
				GCC_NO_COMMON_BLOCKS = YES;
				GCC_WARN_64_TO_32_BIT_CONVERSION = YES;
				GCC_WARN_ABOUT_RETURN_TYPE = YES_ERROR;
				GCC_WARN_UNDECLARED_SELECTOR = YES;
				GCC_WARN_UNINITIALIZED_AUTOS = YES_AGGRESSIVE;
				GCC_WARN_UNUSED_FUNCTION = YES;
				GCC_WARN_UNUSED_VARIABLE = YES;
				IPHONEOS_DEPLOYMENT_TARGET = 14.0;
				MTL_ENABLE_DEBUG_INFO = NO;
				MTL_FAST_MATH = YES;
				SDKROOT = iphoneos;
				VALIDATE_PRODUCT = YES;
			};
			name = Release;
		};
		7B0C7C8D251ECCDF0058A5FA /* Debug */ = {
			isa = XCBuildConfiguration;
			buildSettings = {
				ASSETCATALOG_COMPILER_APPICON_NAME = AppIcon;
				ASSETCATALOG_COMPILER_GLOBAL_ACCENT_COLOR_NAME = AccentColor;
				CODE_SIGN_STYLE = Automatic;
				DEVELOPMENT_TEAM = DX3RFUH2S9;
				INFOPLIST_FILE = "Favorite Artists/Info.plist";
				LD_RUNPATH_SEARCH_PATHS = (
					"$(inherited)",
					"@executable_path/Frameworks",
				);
				PRODUCT_BUNDLE_IDENTIFIER = "idelbiw.Favorite-Artists";
				PRODUCT_NAME = "$(TARGET_NAME)";
				TARGETED_DEVICE_FAMILY = "1,2";
			};
			name = Debug;
		};
		7B0C7C8E251ECCDF0058A5FA /* Release */ = {
			isa = XCBuildConfiguration;
			buildSettings = {
				ASSETCATALOG_COMPILER_APPICON_NAME = AppIcon;
				ASSETCATALOG_COMPILER_GLOBAL_ACCENT_COLOR_NAME = AccentColor;
				CODE_SIGN_STYLE = Automatic;
				DEVELOPMENT_TEAM = DX3RFUH2S9;
				INFOPLIST_FILE = "Favorite Artists/Info.plist";
				LD_RUNPATH_SEARCH_PATHS = (
					"$(inherited)",
					"@executable_path/Frameworks",
				);
				PRODUCT_BUNDLE_IDENTIFIER = "idelbiw.Favorite-Artists";
				PRODUCT_NAME = "$(TARGET_NAME)";
				TARGETED_DEVICE_FAMILY = "1,2";
			};
			name = Release;
		};
/* End XCBuildConfiguration section */

/* Begin XCConfigurationList section */
		7B0C7C6E251ECCDE0058A5FA /* Build configuration list for PBXProject "Favorite Artists" */ = {
			isa = XCConfigurationList;
			buildConfigurations = (
				7B0C7C8A251ECCDF0058A5FA /* Debug */,
				7B0C7C8B251ECCDF0058A5FA /* Release */,
			);
			defaultConfigurationIsVisible = 0;
			defaultConfigurationName = Release;
		};
		7B0C7C8C251ECCDF0058A5FA /* Build configuration list for PBXNativeTarget "Favorite Artists" */ = {
			isa = XCConfigurationList;
			buildConfigurations = (
				7B0C7C8D251ECCDF0058A5FA /* Debug */,
				7B0C7C8E251ECCDF0058A5FA /* Release */,
			);
			defaultConfigurationIsVisible = 0;
			defaultConfigurationName = Release;
		};
/* End XCConfigurationList section */
	};
	rootObject = 7B0C7C6B251ECCDE0058A5FA /* Project object */;
}
